
Microsoft Visual Studio Solution File, Format Version 11.00
# Visual Studio 2010
Project("{E24C65DC-7377-472B-9ABA-BC803B73C61A}") = "ManageSYS", "ManageSYS\", "{C8523636-97AF-437C-8CD9-95C47EF16BB9}"
	ProjectSection(WebsiteProperties) = preProject
		TargetFrameworkMoniker = ".NETFramework,Version%3Dv4.0"
		ProjectReferences = "{A941B43C-5C79-45DD-917C-30586267DEE7}|MSYS.DAL.dll;{99E06C26-C6BC-4B58-BEAD-903BF1629D95}|MSYS.Web.dll;{64998E34-2770-41C6-8046-9976ABBD5B90}|MSYS.Common.dll;{459B092F-96C5-4FC2-BF1B-44EB40B96B2A}|MSYS.Data.dll;{D88AD759-6B4E-44DE-84D3-8504653DC11D}|MSYS.Security.dll;"
		Debug.AspNetCompiler.VirtualPath = "/ManageSYS"
		Debug.AspNetCompiler.PhysicalPath = "ManageSYS\"
		Debug.AspNetCompiler.TargetPath = "PrecompiledWeb\ManageSYS\"
		Debug.AspNetCompiler.Updateable = "true"
		Debug.AspNetCompiler.ForceOverwrite = "true"
		Debug.AspNetCompiler.FixedNames = "false"
		Debug.AspNetCompiler.Debug = "True"
		Release.AspNetCompiler.VirtualPath = "/ManageSYS"
		Release.AspNetCompiler.PhysicalPath = "ManageSYS\"
		Release.AspNetCompiler.TargetPath = "PrecompiledWeb\ManageSYS\"
		Release.AspNetCompiler.Updateable = "true"
		Release.AspNetCompiler.ForceOverwrite = "true"
		Release.AspNetCompiler.FixedNames = "false"
		Release.AspNetCompiler.Debug = "False"
		VWDPort = "21469"
	EndProjectSection
EndProject
Project("{FAE04EC0-301F-11D3-BF4B-00C04F79EFBC}") = "MSYS.DAL", "MSYS.DAL\MSYS.DAL.csproj", "{A941B43C-5C79-45DD-917C-30586267DEE7}"
EndProject
Project("{FAE04EC0-301F-11D3-BF4B-00C04F79EFBC}") = "MSYS.Web", "MSYS.Web\MSYS.Web.csproj", "{99E06C26-C6BC-4B58-BEAD-903BF1629D95}"
EndProject
Project("{FAE04EC0-301F-11D3-BF4B-00C04F79EFBC}") = "MSYS.Data", "MSYS.Data\MSYS.Data.csproj", "{459B092F-96C5-4FC2-BF1B-44EB40B96B2A}"
EndProject
Project("{FAE04EC0-301F-11D3-BF4B-00C04F79EFBC}") = "MSYS.Common", "MSYS.Common\MSYS.Common.csproj", "{64998E34-2770-41C6-8046-9976ABBD5B90}"
EndProject
Project("{FAE04EC0-301F-11D3-BF4B-00C04F79EFBC}") = "MSYS.Security", "MSYS.Security\MSYS.Security.csproj", "{D88AD759-6B4E-44DE-84D3-8504653DC11D}"
EndProject
Global
	GlobalSection(SolutionConfigurationPlatforms) = preSolution
		Debug|Any CPU = Debug|Any CPU
		Release|Any CPU = Release|Any CPU
	EndGlobalSection
	GlobalSection(ProjectConfigurationPlatforms) = postSolution
		{C8523636-97AF-437C-8CD9-95C47EF16BB9}.Debug|Any CPU.ActiveCfg = Debug|Any CPU
		{C8523636-97AF-437C-8CD9-95C47EF16BB9}.Debug|Any CPU.Build.0 = Debug|Any CPU
		{C8523636-97AF-437C-8CD9-95C47EF16BB9}.Release|Any CPU.ActiveCfg = Debug|Any CPU
		{C8523636-97AF-437C-8CD9-95C47EF16BB9}.Release|Any CPU.Build.0 = Debug|Any CPU
		{A941B43C-5C79-45DD-917C-30586267DEE7}.Debug|Any CPU.ActiveCfg = Debug|Any CPU
		{A941B43C-5C79-45DD-917C-30586267DEE7}.Debug|Any CPU.Build.0 = Debug|Any CPU
		{A941B43C-5C79-45DD-917C-30586267DEE7}.Release|Any CPU.ActiveCfg = Release|Any CPU
		{A941B43C-5C79-45DD-917C-30586267DEE7}.Release|Any CPU.Build.0 = Release|Any CPU
		{99E06C26-C6BC-4B58-BEAD-903BF1629D95}.Debug|Any CPU.ActiveCfg = Debug|Any CPU
		{99E06C26-C6BC-4B58-BEAD-903BF1629D95}.Debug|Any CPU.Build.0 = Debug|Any CPU
		{99E06C26-C6BC-4B58-BEAD-903BF1629D95}.Release|Any CPU.ActiveCfg = Release|Any CPU
		{99E06C26-C6BC-4B58-BEAD-903BF1629D95}.Release|Any CPU.Build.0 = Release|Any CPU
		{459B092F-96C5-4FC2-BF1B-44EB40B96B2A}.Debug|Any CPU.ActiveCfg = Debug|Any CPU
		{459B092F-96C5-4FC2-BF1B-44EB40B96B2A}.Debug|Any CPU.Build.0 = Debug|Any CPU
		{459B092F-96C5-4FC2-BF1B-44EB40B96B2A}.Release|Any CPU.ActiveCfg = Release|Any CPU
		{459B092F-96C5-4FC2-BF1B-44EB40B96B2A}.Release|Any CPU.Build.0 = Release|Any CPU
		{64998E34-2770-41C6-8046-9976ABBD5B90}.Debug|Any CPU.ActiveCfg = Debug|Any CPU
		{64998E34-2770-41C6-8046-9976ABBD5B90}.Debug|Any CPU.Build.0 = Debug|Any CPU
		{64998E34-2770-41C6-8046-9976ABBD5B90}.Release|Any CPU.ActiveCfg = Release|Any CPU
		{64998E34-2770-41C6-8046-9976ABBD5B90}.Release|Any CPU.Build.0 = Release|Any CPU
		{D88AD759-6B4E-44DE-84D3-8504653DC11D}.Debug|Any CPU.ActiveCfg = Debug|Any CPU
		{D88AD759-6B4E-44DE-84D3-8504653DC11D}.Debug|Any CPU.Build.0 = Debug|Any CPU
		{D88AD759-6B4E-44DE-84D3-8504653DC11D}.Release|Any CPU.ActiveCfg = Release|Any CPU
		{D88AD759-6B4E-44DE-84D3-8504653DC11D}.Release|Any CPU.Build.0 = Release|Any CPU
	EndGlobalSection
	GlobalSection(SolutionProperties) = preSolution
		HideSolutionNode = FALSE
	EndGlobalSection
EndGlobal
