
Microsoft Visual Studio Solution File, Format Version 12.00
# Visual Studio 2012
Project("{FAE04EC0-301F-11D3-BF4B-00C04F79EFBC}") = "MSYS.DAL", "MSYS.DAL\MSYS.DAL.csproj", "{A941B43C-5C79-45DD-917C-30586267DEE7}"
EndProject
Project("{FAE04EC0-301F-11D3-BF4B-00C04F79EFBC}") = "MSYS.Web", "MSYS.Web\MSYS.Web.csproj", "{99E06C26-C6BC-4B58-BEAD-903BF1629D95}"
EndProject
Project("{FAE04EC0-301F-11D3-BF4B-00C04F79EFBC}") = "MSYS.Data", "MSYS.Data\MSYS.Data.csproj", "{459B092F-96C5-4FC2-BF1B-44EB40B96B2A}"
EndProject
Project("{FAE04EC0-301F-11D3-BF4B-00C04F79EFBC}") = "MSYS.Security", "MSYS.Security\MSYS.Security.csproj", "{D88AD759-6B4E-44DE-84D3-8504653DC11D}"
EndProject
Project("{FAE04EC0-301F-11D3-BF4B-00C04F79EFBC}") = "DataCollector", "DataCollector\DataCollector.csproj", "{A9774C1A-C54A-4A3F-8343-3B986AF0FA69}"
EndProject
Project("{FAE04EC0-301F-11D3-BF4B-00C04F79EFBC}") = "MSYS", "MSYS\MSYS.csproj", "{DA6349D5-CF41-44C8-AD9D-2073250AE111}"
EndProject
Project("{FAE04EC0-301F-11D3-BF4B-00C04F79EFBC}") = "MSYS.Common", "MSYS.Common\MSYS.Common.csproj", "{76853D79-F3A9-4D0A-A949-049EFF990E39}"
EndProject
Project("{E24C65DC-7377-472B-9ABA-BC803B73C61A}") = "ManageSYS", "ManageSYS\", "{C8523636-97AF-437C-8CD9-95C47EF16BB9}"
	ProjectSection(WebsiteProperties) = preProject
		TargetFrameworkMoniker = ".NETFramework,Version%3Dv4.0"
		ProjectReferences = "{da6349d5-cf41-44c8-ad9d-2073250ae111}|MSYS.dll;{76853d79-f3a9-4d0a-a949-049eff990e39}|MSYS.Common.dll;{a941b43c-5c79-45dd-917c-30586267dee7}|MSYS.DAL.dll;{459b092f-96c5-4fc2-bf1b-44eb40b96b2a}|MSYS.Data.dll;{d88ad759-6b4e-44de-84d3-8504653dc11d}|MSYS.Security.dll;{99e06c26-c6bc-4b58-bead-903bf1629d95}|MSYS.Web.dll;"
		Debug.AspNetCompiler.VirtualPath = "/ManageSYS"
		Debug.AspNetCompiler.PhysicalPath = "ManageSYS\"
		Debug.AspNetCompiler.TargetPath = "PrecompiledWeb\ManageSYS\"
		Debug.AspNetCompiler.Updateable = "true"
		Debug.AspNetCompiler.ForceOverwrite = "true"
		Debug.AspNetCompiler.FixedNames = "false"
		Debug.AspNetCompiler.Debug = "True"
		Release.AspNetCompiler.VirtualPath = "/ManageSYS"
		Release.AspNetCompiler.PhysicalPath = "ManageSYS\"
		Release.AspNetCompiler.TargetPath = "PrecompiledWeb\ManageSYS\"
		Release.AspNetCompiler.Updateable = "true"
		Release.AspNetCompiler.ForceOverwrite = "true"
		Release.AspNetCompiler.FixedNames = "false"
		Release.AspNetCompiler.Debug = "False"
		VWDPort = "33225"
		VWDVirtualPath = "/ManageSYS"
	EndProjectSection
EndProject
Global
	GlobalSection(SolutionConfigurationPlatforms) = preSolution
		Debug|Any CPU = Debug|Any CPU
		Debug|Mixed Platforms = Debug|Mixed Platforms
		Debug|x64 = Debug|x64
		Debug|x86 = Debug|x86
		Release|Any CPU = Release|Any CPU
		Release|Mixed Platforms = Release|Mixed Platforms
		Release|x64 = Release|x64
		Release|x86 = Release|x86
	EndGlobalSection
	GlobalSection(ProjectConfigurationPlatforms) = postSolution
		{A941B43C-5C79-45DD-917C-30586267DEE7}.Debug|Any CPU.ActiveCfg = Debug|Any CPU
		{A941B43C-5C79-45DD-917C-30586267DEE7}.Debug|Any CPU.Build.0 = Debug|Any CPU
		{A941B43C-5C79-45DD-917C-30586267DEE7}.Debug|Mixed Platforms.ActiveCfg = Debug|Any CPU
		{A941B43C-5C79-45DD-917C-30586267DEE7}.Debug|Mixed Platforms.Build.0 = Debug|Any CPU
		{A941B43C-5C79-45DD-917C-30586267DEE7}.Debug|x64.ActiveCfg = Debug|x64
		{A941B43C-5C79-45DD-917C-30586267DEE7}.Debug|x64.Build.0 = Debug|x64
		{A941B43C-5C79-45DD-917C-30586267DEE7}.Debug|x86.ActiveCfg = Debug|x86
		{A941B43C-5C79-45DD-917C-30586267DEE7}.Debug|x86.Build.0 = Debug|x86
		{A941B43C-5C79-45DD-917C-30586267DEE7}.Release|Any CPU.ActiveCfg = Release|Any CPU
		{A941B43C-5C79-45DD-917C-30586267DEE7}.Release|Any CPU.Build.0 = Release|Any CPU
		{A941B43C-5C79-45DD-917C-30586267DEE7}.Release|Mixed Platforms.ActiveCfg = Release|Any CPU
		{A941B43C-5C79-45DD-917C-30586267DEE7}.Release|Mixed Platforms.Build.0 = Release|Any CPU
		{A941B43C-5C79-45DD-917C-30586267DEE7}.Release|x64.ActiveCfg = Release|x64
		{A941B43C-5C79-45DD-917C-30586267DEE7}.Release|x64.Build.0 = Release|x64
		{A941B43C-5C79-45DD-917C-30586267DEE7}.Release|x86.ActiveCfg = Release|x86
		{A941B43C-5C79-45DD-917C-30586267DEE7}.Release|x86.Build.0 = Release|x86
		{99E06C26-C6BC-4B58-BEAD-903BF1629D95}.Debug|Any CPU.ActiveCfg = Debug|Any CPU
		{99E06C26-C6BC-4B58-BEAD-903BF1629D95}.Debug|Any CPU.Build.0 = Debug|Any CPU
		{99E06C26-C6BC-4B58-BEAD-903BF1629D95}.Debug|Mixed Platforms.ActiveCfg = Debug|Any CPU
		{99E06C26-C6BC-4B58-BEAD-903BF1629D95}.Debug|Mixed Platforms.Build.0 = Debug|Any CPU
		{99E06C26-C6BC-4B58-BEAD-903BF1629D95}.Debug|x64.ActiveCfg = Debug|x64
		{99E06C26-C6BC-4B58-BEAD-903BF1629D95}.Debug|x64.Build.0 = Debug|x64
		{99E06C26-C6BC-4B58-BEAD-903BF1629D95}.Debug|x86.ActiveCfg = Debug|x86
		{99E06C26-C6BC-4B58-BEAD-903BF1629D95}.Debug|x86.Build.0 = Debug|x86
		{99E06C26-C6BC-4B58-BEAD-903BF1629D95}.Release|Any CPU.ActiveCfg = Release|Any CPU
		{99E06C26-C6BC-4B58-BEAD-903BF1629D95}.Release|Any CPU.Build.0 = Release|Any CPU
		{99E06C26-C6BC-4B58-BEAD-903BF1629D95}.Release|Mixed Platforms.ActiveCfg = Release|Any CPU
		{99E06C26-C6BC-4B58-BEAD-903BF1629D95}.Release|Mixed Platforms.Build.0 = Release|Any CPU
		{99E06C26-C6BC-4B58-BEAD-903BF1629D95}.Release|x64.ActiveCfg = Release|x64
		{99E06C26-C6BC-4B58-BEAD-903BF1629D95}.Release|x64.Build.0 = Release|x64
		{99E06C26-C6BC-4B58-BEAD-903BF1629D95}.Release|x86.ActiveCfg = Release|x86
		{99E06C26-C6BC-4B58-BEAD-903BF1629D95}.Release|x86.Build.0 = Release|x86
		{459B092F-96C5-4FC2-BF1B-44EB40B96B2A}.Debug|Any CPU.ActiveCfg = Debug|Any CPU
		{459B092F-96C5-4FC2-BF1B-44EB40B96B2A}.Debug|Any CPU.Build.0 = Debug|Any CPU
		{459B092F-96C5-4FC2-BF1B-44EB40B96B2A}.Debug|Mixed Platforms.ActiveCfg = Debug|Any CPU
		{459B092F-96C5-4FC2-BF1B-44EB40B96B2A}.Debug|Mixed Platforms.Build.0 = Debug|Any CPU
		{459B092F-96C5-4FC2-BF1B-44EB40B96B2A}.Debug|x64.ActiveCfg = Debug|x64
		{459B092F-96C5-4FC2-BF1B-44EB40B96B2A}.Debug|x64.Build.0 = Debug|x64
		{459B092F-96C5-4FC2-BF1B-44EB40B96B2A}.Debug|x86.ActiveCfg = Debug|x86
		{459B092F-96C5-4FC2-BF1B-44EB40B96B2A}.Debug|x86.Build.0 = Debug|x86
		{459B092F-96C5-4FC2-BF1B-44EB40B96B2A}.Release|Any CPU.ActiveCfg = Release|Any CPU
		{459B092F-96C5-4FC2-BF1B-44EB40B96B2A}.Release|Any CPU.Build.0 = Release|Any CPU
		{459B092F-96C5-4FC2-BF1B-44EB40B96B2A}.Release|Mixed Platforms.ActiveCfg = Release|Any CPU
		{459B092F-96C5-4FC2-BF1B-44EB40B96B2A}.Release|Mixed Platforms.Build.0 = Release|Any CPU
		{459B092F-96C5-4FC2-BF1B-44EB40B96B2A}.Release|x64.ActiveCfg = Release|x64
		{459B092F-96C5-4FC2-BF1B-44EB40B96B2A}.Release|x64.Build.0 = Release|x64
		{459B092F-96C5-4FC2-BF1B-44EB40B96B2A}.Release|x86.ActiveCfg = Release|x86
		{459B092F-96C5-4FC2-BF1B-44EB40B96B2A}.Release|x86.Build.0 = Release|x86
		{D88AD759-6B4E-44DE-84D3-8504653DC11D}.Debug|Any CPU.ActiveCfg = Debug|Any CPU
		{D88AD759-6B4E-44DE-84D3-8504653DC11D}.Debug|Any CPU.Build.0 = Debug|Any CPU
		{D88AD759-6B4E-44DE-84D3-8504653DC11D}.Debug|Mixed Platforms.ActiveCfg = Debug|Any CPU
		{D88AD759-6B4E-44DE-84D3-8504653DC11D}.Debug|Mixed Platforms.Build.0 = Debug|Any CPU
		{D88AD759-6B4E-44DE-84D3-8504653DC11D}.Debug|x64.ActiveCfg = Debug|x64
		{D88AD759-6B4E-44DE-84D3-8504653DC11D}.Debug|x64.Build.0 = Debug|x64
		{D88AD759-6B4E-44DE-84D3-8504653DC11D}.Debug|x86.ActiveCfg = Debug|x86
		{D88AD759-6B4E-44DE-84D3-8504653DC11D}.Debug|x86.Build.0 = Debug|x86
		{D88AD759-6B4E-44DE-84D3-8504653DC11D}.Release|Any CPU.ActiveCfg = Release|Any CPU
		{D88AD759-6B4E-44DE-84D3-8504653DC11D}.Release|Any CPU.Build.0 = Release|Any CPU
		{D88AD759-6B4E-44DE-84D3-8504653DC11D}.Release|Mixed Platforms.ActiveCfg = Release|Any CPU
		{D88AD759-6B4E-44DE-84D3-8504653DC11D}.Release|Mixed Platforms.Build.0 = Release|Any CPU
		{D88AD759-6B4E-44DE-84D3-8504653DC11D}.Release|x64.ActiveCfg = Release|x64
		{D88AD759-6B4E-44DE-84D3-8504653DC11D}.Release|x64.Build.0 = Release|x64
		{D88AD759-6B4E-44DE-84D3-8504653DC11D}.Release|x86.ActiveCfg = Release|x86
		{D88AD759-6B4E-44DE-84D3-8504653DC11D}.Release|x86.Build.0 = Release|x86
		{A9774C1A-C54A-4A3F-8343-3B986AF0FA69}.Debug|Any CPU.ActiveCfg = Debug|Any CPU
		{A9774C1A-C54A-4A3F-8343-3B986AF0FA69}.Debug|Any CPU.Build.0 = Debug|Any CPU
		{A9774C1A-C54A-4A3F-8343-3B986AF0FA69}.Debug|Mixed Platforms.ActiveCfg = Debug|Any CPU
		{A9774C1A-C54A-4A3F-8343-3B986AF0FA69}.Debug|Mixed Platforms.Build.0 = Debug|Any CPU
		{A9774C1A-C54A-4A3F-8343-3B986AF0FA69}.Debug|x64.ActiveCfg = Debug|x64
		{A9774C1A-C54A-4A3F-8343-3B986AF0FA69}.Debug|x64.Build.0 = Debug|x64
		{A9774C1A-C54A-4A3F-8343-3B986AF0FA69}.Debug|x86.ActiveCfg = Debug|x86
		{A9774C1A-C54A-4A3F-8343-3B986AF0FA69}.Debug|x86.Build.0 = Debug|x86
		{A9774C1A-C54A-4A3F-8343-3B986AF0FA69}.Release|Any CPU.ActiveCfg = Release|Any CPU
		{A9774C1A-C54A-4A3F-8343-3B986AF0FA69}.Release|Any CPU.Build.0 = Release|Any CPU
		{A9774C1A-C54A-4A3F-8343-3B986AF0FA69}.Release|Mixed Platforms.ActiveCfg = Release|Any CPU
		{A9774C1A-C54A-4A3F-8343-3B986AF0FA69}.Release|Mixed Platforms.Build.0 = Release|Any CPU
		{A9774C1A-C54A-4A3F-8343-3B986AF0FA69}.Release|x64.ActiveCfg = Release|x64
		{A9774C1A-C54A-4A3F-8343-3B986AF0FA69}.Release|x64.Build.0 = Release|x64
		{A9774C1A-C54A-4A3F-8343-3B986AF0FA69}.Release|x86.ActiveCfg = Release|x86
		{A9774C1A-C54A-4A3F-8343-3B986AF0FA69}.Release|x86.Build.0 = Release|x86
		{DA6349D5-CF41-44C8-AD9D-2073250AE111}.Debug|Any CPU.ActiveCfg = Debug|Any CPU
		{DA6349D5-CF41-44C8-AD9D-2073250AE111}.Debug|Any CPU.Build.0 = Debug|Any CPU
		{DA6349D5-CF41-44C8-AD9D-2073250AE111}.Debug|Mixed Platforms.ActiveCfg = Debug|Any CPU
		{DA6349D5-CF41-44C8-AD9D-2073250AE111}.Debug|Mixed Platforms.Build.0 = Debug|Any CPU
		{DA6349D5-CF41-44C8-AD9D-2073250AE111}.Debug|x64.ActiveCfg = Debug|Any CPU
		{DA6349D5-CF41-44C8-AD9D-2073250AE111}.Debug|x86.ActiveCfg = Debug|x86
		{DA6349D5-CF41-44C8-AD9D-2073250AE111}.Debug|x86.Build.0 = Debug|x86
		{DA6349D5-CF41-44C8-AD9D-2073250AE111}.Release|Any CPU.ActiveCfg = Release|Any CPU
		{DA6349D5-CF41-44C8-AD9D-2073250AE111}.Release|Any CPU.Build.0 = Release|Any CPU
		{DA6349D5-CF41-44C8-AD9D-2073250AE111}.Release|Mixed Platforms.ActiveCfg = Release|Any CPU
		{DA6349D5-CF41-44C8-AD9D-2073250AE111}.Release|Mixed Platforms.Build.0 = Release|Any CPU
		{DA6349D5-CF41-44C8-AD9D-2073250AE111}.Release|x64.ActiveCfg = Release|x64
		{DA6349D5-CF41-44C8-AD9D-2073250AE111}.Release|x86.ActiveCfg = Release|x86
		{DA6349D5-CF41-44C8-AD9D-2073250AE111}.Release|x86.Build.0 = Release|x86
		{76853D79-F3A9-4D0A-A949-049EFF990E39}.Debug|Any CPU.ActiveCfg = Debug|Any CPU
		{76853D79-F3A9-4D0A-A949-049EFF990E39}.Debug|Any CPU.Build.0 = Debug|Any CPU
		{76853D79-F3A9-4D0A-A949-049EFF990E39}.Debug|Mixed Platforms.ActiveCfg = Debug|Any CPU
		{76853D79-F3A9-4D0A-A949-049EFF990E39}.Debug|Mixed Platforms.Build.0 = Debug|Any CPU
		{76853D79-F3A9-4D0A-A949-049EFF990E39}.Debug|x64.ActiveCfg = Debug|Any CPU
		{76853D79-F3A9-4D0A-A949-049EFF990E39}.Debug|x86.ActiveCfg = Debug|x86
		{76853D79-F3A9-4D0A-A949-049EFF990E39}.Debug|x86.Build.0 = Debug|x86
		{76853D79-F3A9-4D0A-A949-049EFF990E39}.Release|Any CPU.ActiveCfg = Release|Any CPU
		{76853D79-F3A9-4D0A-A949-049EFF990E39}.Release|Any CPU.Build.0 = Release|Any CPU
		{76853D79-F3A9-4D0A-A949-049EFF990E39}.Release|Mixed Platforms.ActiveCfg = Release|Any CPU
		{76853D79-F3A9-4D0A-A949-049EFF990E39}.Release|Mixed Platforms.Build.0 = Release|Any CPU
		{76853D79-F3A9-4D0A-A949-049EFF990E39}.Release|x64.ActiveCfg = Release|x64
		{76853D79-F3A9-4D0A-A949-049EFF990E39}.Release|x86.ActiveCfg = Release|x86
		{76853D79-F3A9-4D0A-A949-049EFF990E39}.Release|x86.Build.0 = Release|x86
		{C8523636-97AF-437C-8CD9-95C47EF16BB9}.Debug|Any CPU.ActiveCfg = Debug|Any CPU
		{C8523636-97AF-437C-8CD9-95C47EF16BB9}.Debug|Any CPU.Build.0 = Debug|Any CPU
		{C8523636-97AF-437C-8CD9-95C47EF16BB9}.Debug|Mixed Platforms.ActiveCfg = Debug|Any CPU
		{C8523636-97AF-437C-8CD9-95C47EF16BB9}.Debug|Mixed Platforms.Build.0 = Debug|Any CPU
		{C8523636-97AF-437C-8CD9-95C47EF16BB9}.Debug|x64.ActiveCfg = Debug|Any CPU
		{C8523636-97AF-437C-8CD9-95C47EF16BB9}.Debug|x86.ActiveCfg = Debug|Any CPU
		{C8523636-97AF-437C-8CD9-95C47EF16BB9}.Release|Any CPU.ActiveCfg = Debug|Any CPU
		{C8523636-97AF-437C-8CD9-95C47EF16BB9}.Release|Any CPU.Build.0 = Debug|Any CPU
		{C8523636-97AF-437C-8CD9-95C47EF16BB9}.Release|Mixed Platforms.ActiveCfg = Debug|Any CPU
		{C8523636-97AF-437C-8CD9-95C47EF16BB9}.Release|Mixed Platforms.Build.0 = Debug|Any CPU
		{C8523636-97AF-437C-8CD9-95C47EF16BB9}.Release|x64.ActiveCfg = Debug|Any CPU
		{C8523636-97AF-437C-8CD9-95C47EF16BB9}.Release|x86.ActiveCfg = Debug|Any CPU
	EndGlobalSection
	GlobalSection(SolutionProperties) = preSolution
		HideSolutionNode = FALSE
	EndGlobalSection
EndGlobal
